
Microsoft Visual Studio Solution File, Format Version 12.00
# Visual Studio 15
VisualStudioVersion = 15.0.28010.2036
MinimumVisualStudioVersion = 10.0.40219.1
Project("{FAE04EC0-301F-11D3-BF4B-00C04F79EFBC}") = "AQATextAdventures", "AQATextAdventures\AQATextAdventures.csproj", "{F858C367-C58F-44F9-BBFC-02EBA318B7CB}"
EndProject
Global
	GlobalSection(SolutionConfigurationPlatforms) = preSolution
		Debug|Any CPU = Debug|Any CPU
		Release|Any CPU = Release|Any CPU
	EndGlobalSection
	GlobalSection(ProjectConfigurationPlatforms) = postSolution
		{F858C367-C58F-44F9-BBFC-02EBA318B7CB}.Debug|Any CPU.ActiveCfg = Debug|Any CPU
		{F858C367-C58F-44F9-BBFC-02EBA318B7CB}.Debug|Any CPU.Build.0 = Debug|Any CPU
		{F858C367-C58F-44F9-BBFC-02EBA318B7CB}.Release|Any CPU.ActiveCfg = Release|Any CPU
		{F858C367-C58F-44F9-BBFC-02EBA318B7CB}.Release|Any CPU.Build.0 = Release|Any CPU
	EndGlobalSection
	GlobalSection(SolutionProperties) = preSolution
		HideSolutionNode = FALSE
	EndGlobalSection
	GlobalSection(ExtensibilityGlobals) = postSolution
		SolutionGuid = {E375AB66-E28A-4959-B807-2FBEA48CB74E}
	EndGlobalSection
EndGlobal
